
Microsoft Visual Studio Solution File, Format Version 12.00
# Visual Studio Version 17
VisualStudioVersion = 17.3.32929.385
MinimumVisualStudioVersion = 10.0.40219.1
Project("{FAE04EC0-301F-11D3-BF4B-00C04F79EFBC}") = "Presentation", "CustomerAccounts\Presentation.csproj", "{4A7AD7E8-E7F6-4F08-B02F-8395A97FBF4E}"
EndProject
Project("{2150E333-8FDC-42A3-9474-1A3956D46DE8}") = "src", "src", "{2F1CD2E1-90CC-4DB7-A3AF-EDE9728D0320}"
EndProject
Project("{FAE04EC0-301F-11D3-BF4B-00C04F79EFBC}") = "Domain", "Domain\Domain.csproj", "{B5CD9155-D786-45CC-ACEA-D1CE11479554}"
EndProject
Global
	GlobalSection(SolutionConfigurationPlatforms) = preSolution
		Debug|Any CPU = Debug|Any CPU
		Release|Any CPU = Release|Any CPU
	EndGlobalSection
	GlobalSection(ProjectConfigurationPlatforms) = postSolution
		{4A7AD7E8-E7F6-4F08-B02F-8395A97FBF4E}.Debug|Any CPU.ActiveCfg = Debug|Any CPU
		{4A7AD7E8-E7F6-4F08-B02F-8395A97FBF4E}.Debug|Any CPU.Build.0 = Debug|Any CPU
		{4A7AD7E8-E7F6-4F08-B02F-8395A97FBF4E}.Release|Any CPU.ActiveCfg = Release|Any CPU
		{4A7AD7E8-E7F6-4F08-B02F-8395A97FBF4E}.Release|Any CPU.Build.0 = Release|Any CPU
		{B5CD9155-D786-45CC-ACEA-D1CE11479554}.Debug|Any CPU.ActiveCfg = Debug|Any CPU
		{B5CD9155-D786-45CC-ACEA-D1CE11479554}.Debug|Any CPU.Build.0 = Debug|Any CPU
		{B5CD9155-D786-45CC-ACEA-D1CE11479554}.Release|Any CPU.ActiveCfg = Release|Any CPU
		{B5CD9155-D786-45CC-ACEA-D1CE11479554}.Release|Any CPU.Build.0 = Release|Any CPU
	EndGlobalSection
	GlobalSection(SolutionProperties) = preSolution
		HideSolutionNode = FALSE
	EndGlobalSection
	GlobalSection(NestedProjects) = preSolution
		{4A7AD7E8-E7F6-4F08-B02F-8395A97FBF4E} = {2F1CD2E1-90CC-4DB7-A3AF-EDE9728D0320}
		{B5CD9155-D786-45CC-ACEA-D1CE11479554} = {2F1CD2E1-90CC-4DB7-A3AF-EDE9728D0320}
	EndGlobalSection
	GlobalSection(ExtensibilityGlobals) = postSolution
		SolutionGuid = {13E9B10F-6E18-4516-A0FC-CBBCFC83A4B2}
	EndGlobalSection
EndGlobal
