
Microsoft Visual Studio Solution File, Format Version 12.00
# Visual Studio Version 17
VisualStudioVersion = 17.3.32929.385
MinimumVisualStudioVersion = 10.0.40219.1
Project("{2150E333-8FDC-42A3-9474-1A3956D46DE8}") = "src", "src", "{2F1CD2E1-90CC-4DB7-A3AF-EDE9728D0320}"
EndProject
Project("{2150E333-8FDC-42A3-9474-1A3956D46DE8}") = "backend", "backend", "{46A6CC77-EC4F-4C73-B58A-5B26A71EEBD2}"
EndProject
Project("{9A19103F-16F7-4668-BE54-9A1E7A4F7556}") = "Application", "src\backend\Application\Application.csproj", "{A1FF51FF-81F7-4511-8928-CF9FD06101F6}"
EndProject
Project("{9A19103F-16F7-4668-BE54-9A1E7A4F7556}") = "Infrastructure", "src\backend\Infrastructure\Infrastructure.csproj", "{7720F1F6-2654-4402-8AEC-C6A6B60ADEE2}"
EndProject
Project("{9A19103F-16F7-4668-BE54-9A1E7A4F7556}") = "Domain", "src\backend\Domain\Domain.csproj", "{965D3B85-417A-4D5F-BE03-2BCEBB30931B}"
EndProject
Project("{9A19103F-16F7-4668-BE54-9A1E7A4F7556}") = "Presentation", "src\backend\CustomerAccounts\Presentation.csproj", "{EC7275DE-BEA1-4D4C-8F6A-37747FE74348}"
EndProject
Global
	GlobalSection(SolutionConfigurationPlatforms) = preSolution
		Debug|Any CPU = Debug|Any CPU
		Release|Any CPU = Release|Any CPU
	EndGlobalSection
	GlobalSection(ProjectConfigurationPlatforms) = postSolution
		{A1FF51FF-81F7-4511-8928-CF9FD06101F6}.Debug|Any CPU.ActiveCfg = Debug|Any CPU
		{A1FF51FF-81F7-4511-8928-CF9FD06101F6}.Debug|Any CPU.Build.0 = Debug|Any CPU
		{A1FF51FF-81F7-4511-8928-CF9FD06101F6}.Release|Any CPU.ActiveCfg = Release|Any CPU
		{A1FF51FF-81F7-4511-8928-CF9FD06101F6}.Release|Any CPU.Build.0 = Release|Any CPU
		{7720F1F6-2654-4402-8AEC-C6A6B60ADEE2}.Debug|Any CPU.ActiveCfg = Debug|Any CPU
		{7720F1F6-2654-4402-8AEC-C6A6B60ADEE2}.Debug|Any CPU.Build.0 = Debug|Any CPU
		{7720F1F6-2654-4402-8AEC-C6A6B60ADEE2}.Release|Any CPU.ActiveCfg = Release|Any CPU
		{7720F1F6-2654-4402-8AEC-C6A6B60ADEE2}.Release|Any CPU.Build.0 = Release|Any CPU
		{965D3B85-417A-4D5F-BE03-2BCEBB30931B}.Debug|Any CPU.ActiveCfg = Debug|Any CPU
		{965D3B85-417A-4D5F-BE03-2BCEBB30931B}.Debug|Any CPU.Build.0 = Debug|Any CPU
		{965D3B85-417A-4D5F-BE03-2BCEBB30931B}.Release|Any CPU.ActiveCfg = Release|Any CPU
		{965D3B85-417A-4D5F-BE03-2BCEBB30931B}.Release|Any CPU.Build.0 = Release|Any CPU
		{EC7275DE-BEA1-4D4C-8F6A-37747FE74348}.Debug|Any CPU.ActiveCfg = Debug|Any CPU
		{EC7275DE-BEA1-4D4C-8F6A-37747FE74348}.Debug|Any CPU.Build.0 = Debug|Any CPU
		{EC7275DE-BEA1-4D4C-8F6A-37747FE74348}.Release|Any CPU.ActiveCfg = Release|Any CPU
		{EC7275DE-BEA1-4D4C-8F6A-37747FE74348}.Release|Any CPU.Build.0 = Release|Any CPU
	EndGlobalSection
	GlobalSection(SolutionProperties) = preSolution
		HideSolutionNode = FALSE
	EndGlobalSection
	GlobalSection(NestedProjects) = preSolution
		{46A6CC77-EC4F-4C73-B58A-5B26A71EEBD2} = {2F1CD2E1-90CC-4DB7-A3AF-EDE9728D0320}
		{A1FF51FF-81F7-4511-8928-CF9FD06101F6} = {46A6CC77-EC4F-4C73-B58A-5B26A71EEBD2}
		{7720F1F6-2654-4402-8AEC-C6A6B60ADEE2} = {46A6CC77-EC4F-4C73-B58A-5B26A71EEBD2}
		{965D3B85-417A-4D5F-BE03-2BCEBB30931B} = {46A6CC77-EC4F-4C73-B58A-5B26A71EEBD2}
		{EC7275DE-BEA1-4D4C-8F6A-37747FE74348} = {46A6CC77-EC4F-4C73-B58A-5B26A71EEBD2}
	EndGlobalSection
	GlobalSection(ExtensibilityGlobals) = postSolution
		SolutionGuid = {13E9B10F-6E18-4516-A0FC-CBBCFC83A4B2}
	EndGlobalSection
EndGlobal
